
Microsoft Visual Studio Solution File, Format Version 12.00
# Visual Studio Version 16
VisualStudioVersion = 16.0.31321.278
MinimumVisualStudioVersion = 10.0.40219.1
Project("{FAE04EC0-301F-11D3-BF4B-00C04F79EFBC}") = "SampleStep1", "SampleStep1\SampleStep1.csproj", "{86E852CD-2ECA-4512-A28B-CC00EBB3753F}"
EndProject
Global
	GlobalSection(SolutionConfigurationPlatforms) = preSolution
		Debug|Any CPU = Debug|Any CPU
		Release|Any CPU = Release|Any CPU
	EndGlobalSection
	GlobalSection(ProjectConfigurationPlatforms) = postSolution
		{86E852CD-2ECA-4512-A28B-CC00EBB3753F}.Debug|Any CPU.ActiveCfg = Debug|Any CPU
		{86E852CD-2ECA-4512-A28B-CC00EBB3753F}.Debug|Any CPU.Build.0 = Debug|Any CPU
		{86E852CD-2ECA-4512-A28B-CC00EBB3753F}.Release|Any CPU.ActiveCfg = Release|Any CPU
		{86E852CD-2ECA-4512-A28B-CC00EBB3753F}.Release|Any CPU.Build.0 = Release|Any CPU
	EndGlobalSection
	GlobalSection(SolutionProperties) = preSolution
		HideSolutionNode = FALSE
	EndGlobalSection
	GlobalSection(ExtensibilityGlobals) = postSolution
		SolutionGuid = {4C66060D-10B3-4A96-B24D-368930FEC5C3}
	EndGlobalSection
EndGlobal
